
Microsoft Visual Studio Solution File, Format Version 11.00
# Visual Studio 2010
Project("{FAE04EC0-301F-11D3-BF4B-00C04F79EFBC}") = "Projet DevClub", "Assembly-CSharp-firstpass.csproj", "{8BA5A97B-A179-80D1-F83B-C9095220D3A6}"
EndProject
Project("{FAE04EC0-301F-11D3-BF4B-00C04F79EFBC}") = "Projet DevClub", "Assembly-CSharp.csproj", "{00CF9767-6CCA-E87F-36DC-C20C3576E546}"
EndProject
Project("{FAE04EC0-301F-11D3-BF4B-00C04F79EFBC}") = "Projet DevClub", "Assembly-CSharp-Editor-firstpass.csproj", "{9C03AC07-5EEA-A278-EDB6-EF9E959ACC8D}"
EndProject
Global
	GlobalSection(SolutionConfigurationPlatforms) = preSolution
		Debug|Any CPU = Debug|Any CPU
		Release|Any CPU = Release|Any CPU
	EndGlobalSection
	GlobalSection(ProjectConfigurationPlatforms) = postSolution
		{8BA5A97B-A179-80D1-F83B-C9095220D3A6}.Debug|Any CPU.ActiveCfg = Debug|Any CPU
		{8BA5A97B-A179-80D1-F83B-C9095220D3A6}.Debug|Any CPU.Build.0 = Debug|Any CPU
		{8BA5A97B-A179-80D1-F83B-C9095220D3A6}.Release|Any CPU.ActiveCfg = Release|Any CPU
		{8BA5A97B-A179-80D1-F83B-C9095220D3A6}.Release|Any CPU.Build.0 = Release|Any CPU
		{00CF9767-6CCA-E87F-36DC-C20C3576E546}.Debug|Any CPU.ActiveCfg = Debug|Any CPU
		{00CF9767-6CCA-E87F-36DC-C20C3576E546}.Debug|Any CPU.Build.0 = Debug|Any CPU
		{00CF9767-6CCA-E87F-36DC-C20C3576E546}.Release|Any CPU.ActiveCfg = Release|Any CPU
		{00CF9767-6CCA-E87F-36DC-C20C3576E546}.Release|Any CPU.Build.0 = Release|Any CPU
		{9C03AC07-5EEA-A278-EDB6-EF9E959ACC8D}.Debug|Any CPU.ActiveCfg = Debug|Any CPU
		{9C03AC07-5EEA-A278-EDB6-EF9E959ACC8D}.Debug|Any CPU.Build.0 = Debug|Any CPU
		{9C03AC07-5EEA-A278-EDB6-EF9E959ACC8D}.Release|Any CPU.ActiveCfg = Release|Any CPU
		{9C03AC07-5EEA-A278-EDB6-EF9E959ACC8D}.Release|Any CPU.Build.0 = Release|Any CPU
	EndGlobalSection
	GlobalSection(SolutionProperties) = preSolution
		HideSolutionNode = FALSE
	EndGlobalSection
	GlobalSection(MonoDevelopProperties) = preSolution
		StartupItem = Assembly-CSharp.csproj
	EndGlobalSection
EndGlobal
